// !$*UTF8*$!
{
	archiveVersion = 1;
	classes = {
	};
	objectVersion = 50;
	objects = {

/* Begin PBXBuildFile section */
		AF0A5F1A2643D77F00E8A39A /* LandMarkApp.swift in Sources */ = {isa = PBXBuildFile; fileRef = AF0A5F192643D77F00E8A39A /* LandMarkApp.swift */; };
		AF0A5F1E2643D78200E8A39A /* Assets.xcassets in Resources */ = {isa = PBXBuildFile; fileRef = AF0A5F1D2643D78200E8A39A /* Assets.xcassets */; };
		AF0A5F212643D78200E8A39A /* Preview Assets.xcassets in Resources */ = {isa = PBXBuildFile; fileRef = AF0A5F202643D78200E8A39A /* Preview Assets.xcassets */; };
		AF0A5F2D2643D7C900E8A39A /* landmarkData.json in Resources */ = {isa = PBXBuildFile; fileRef = AF0A5F2C2643D7C900E8A39A /* landmarkData.json */; };
		AF0A5F312643D7D800E8A39A /* LandMark.swift in Sources */ = {isa = PBXBuildFile; fileRef = AF0A5F2F2643D7D800E8A39A /* LandMark.swift */; };
		AF0A5F322643D7D800E8A39A /* ModelData.swift in Sources */ = {isa = PBXBuildFile; fileRef = AF0A5F302643D7D800E8A39A /* ModelData.swift */; };
		AF0A5F372643D7ED00E8A39A /* CircleImageView.swift in Sources */ = {isa = PBXBuildFile; fileRef = AF0A5F342643D7ED00E8A39A /* CircleImageView.swift */; };
		AF0A5F382643D7ED00E8A39A /* ContentView.swift in Sources */ = {isa = PBXBuildFile; fileRef = AF0A5F352643D7ED00E8A39A /* ContentView.swift */; };
		AF0A5F392643D7ED00E8A39A /* MapContentView.swift in Sources */ = {isa = PBXBuildFile; fileRef = AF0A5F362643D7ED00E8A39A /* MapContentView.swift */; };
		AF0A5F3D2643D8B800E8A39A /* LandMarkRowView.swift in Sources */ = {isa = PBXBuildFile; fileRef = AF0A5F3C2643D8B800E8A39A /* LandMarkRowView.swift */; };
		AF0A5F402643DAE200E8A39A /* LandMarkListView.swift in Sources */ = {isa = PBXBuildFile; fileRef = AF0A5F3F2643DAE200E8A39A /* LandMarkListView.swift */; };
		AF0A5F432643DCA500E8A39A /* LandMarkDetailView.swift in Sources */ = {isa = PBXBuildFile; fileRef = AF0A5F422643DCA500E8A39A /* LandMarkDetailView.swift */; };
		AF0A5F6226447D3B00E8A39A /* FavoriteButtonView.swift in Sources */ = {isa = PBXBuildFile; fileRef = AF0A5F6126447D3B00E8A39A /* FavoriteButtonView.swift */; };
/* End PBXBuildFile section */

/* Begin PBXFileReference section */
		AF0A5F162643D77F00E8A39A /* LandMark.app */ = {isa = PBXFileReference; explicitFileType = wrapper.application; includeInIndex = 0; path = LandMark.app; sourceTree = BUILT_PRODUCTS_DIR; };
		AF0A5F192643D77F00E8A39A /* LandMarkApp.swift */ = {isa = PBXFileReference; lastKnownFileType = sourcecode.swift; path = LandMarkApp.swift; sourceTree = "<group>"; };
		AF0A5F1D2643D78200E8A39A /* Assets.xcassets */ = {isa = PBXFileReference; lastKnownFileType = folder.assetcatalog; path = Assets.xcassets; sourceTree = "<group>"; };
		AF0A5F202643D78200E8A39A /* Preview Assets.xcassets */ = {isa = PBXFileReference; lastKnownFileType = folder.assetcatalog; path = "Preview Assets.xcassets"; sourceTree = "<group>"; };
		AF0A5F222643D78200E8A39A /* Info.plist */ = {isa = PBXFileReference; lastKnownFileType = text.plist.xml; path = Info.plist; sourceTree = "<group>"; };
		AF0A5F2C2643D7C900E8A39A /* landmarkData.json */ = {isa = PBXFileReference; fileEncoding = 4; lastKnownFileType = text.json; path = landmarkData.json; sourceTree = "<group>"; };
		AF0A5F2F2643D7D800E8A39A /* LandMark.swift */ = {isa = PBXFileReference; fileEncoding = 4; lastKnownFileType = sourcecode.swift; path = LandMark.swift; sourceTree = "<group>"; };
		AF0A5F302643D7D800E8A39A /* ModelData.swift */ = {isa = PBXFileReference; fileEncoding = 4; lastKnownFileType = sourcecode.swift; path = ModelData.swift; sourceTree = "<group>"; };
		AF0A5F342643D7ED00E8A39A /* CircleImageView.swift */ = {isa = PBXFileReference; fileEncoding = 4; lastKnownFileType = sourcecode.swift; path = CircleImageView.swift; sourceTree = "<group>"; };
		AF0A5F352643D7ED00E8A39A /* ContentView.swift */ = {isa = PBXFileReference; fileEncoding = 4; lastKnownFileType = sourcecode.swift; path = ContentView.swift; sourceTree = "<group>"; };
		AF0A5F362643D7ED00E8A39A /* MapContentView.swift */ = {isa = PBXFileReference; fileEncoding = 4; lastKnownFileType = sourcecode.swift; path = MapContentView.swift; sourceTree = "<group>"; };
		AF0A5F3C2643D8B800E8A39A /* LandMarkRowView.swift */ = {isa = PBXFileReference; lastKnownFileType = sourcecode.swift; path = LandMarkRowView.swift; sourceTree = "<group>"; };
		AF0A5F3F2643DAE200E8A39A /* LandMarkListView.swift */ = {isa = PBXFileReference; lastKnownFileType = sourcecode.swift; path = LandMarkListView.swift; sourceTree = "<group>"; };
		AF0A5F422643DCA500E8A39A /* LandMarkDetailView.swift */ = {isa = PBXFileReference; lastKnownFileType = sourcecode.swift; path = LandMarkDetailView.swift; sourceTree = "<group>"; };
		AF0A5F6126447D3B00E8A39A /* FavoriteButtonView.swift */ = {isa = PBXFileReference; lastKnownFileType = sourcecode.swift; path = FavoriteButtonView.swift; sourceTree = "<group>"; };
/* End PBXFileReference section */

/* Begin PBXFrameworksBuildPhase section */
		AF0A5F132643D77F00E8A39A /* Frameworks */ = {
			isa = PBXFrameworksBuildPhase;
			buildActionMask = 2147483647;
			files = (
			);
			runOnlyForDeploymentPostprocessing = 0;
		};
/* End PBXFrameworksBuildPhase section */

/* Begin PBXGroup section */
		AF0A5F0D2643D77F00E8A39A = {
			isa = PBXGroup;
			children = (
				AF0A5F182643D77F00E8A39A /* LandMark */,
				AF0A5F172643D77F00E8A39A /* Products */,
			);
			sourceTree = "<group>";
		};
		AF0A5F172643D77F00E8A39A /* Products */ = {
			isa = PBXGroup;
			children = (
				AF0A5F162643D77F00E8A39A /* LandMark.app */,
			);
			name = Products;
			sourceTree = "<group>";
		};
		AF0A5F182643D77F00E8A39A /* LandMark */ = {
			isa = PBXGroup;
			children = (
				AF0A5F2B2643D7B200E8A39A /* Resources */,
				AF0A5F2A2643D7AC00E8A39A /* Models */,
				AF0A5F292643D7A700E8A39A /* Views */,
				AF0A5F192643D77F00E8A39A /* LandMarkApp.swift */,
				AF0A5F1D2643D78200E8A39A /* Assets.xcassets */,
				AF0A5F222643D78200E8A39A /* Info.plist */,
				AF0A5F1F2643D78200E8A39A /* Preview Content */,
			);
			path = LandMark;
			sourceTree = "<group>";
		};
		AF0A5F1F2643D78200E8A39A /* Preview Content */ = {
			isa = PBXGroup;
			children = (
				AF0A5F202643D78200E8A39A /* Preview Assets.xcassets */,
			);
			path = "Preview Content";
			sourceTree = "<group>";
		};
		AF0A5F292643D7A700E8A39A /* Views */ = {
			isa = PBXGroup;
			children = (
				AF0A5F352643D7ED00E8A39A /* ContentView.swift */,
				AF0A5F6526447E7E00E8A39A /* Helper */,
				AF0A5F6426447E5200E8A39A /* LandMark */,
			);
			path = Views;
			sourceTree = "<group>";
		};
		AF0A5F2A2643D7AC00E8A39A /* Models */ = {
			isa = PBXGroup;
			children = (
				AF0A5F2F2643D7D800E8A39A /* LandMark.swift */,
				AF0A5F302643D7D800E8A39A /* ModelData.swift */,
			);
			path = Models;
			sourceTree = "<group>";
		};
		AF0A5F2B2643D7B200E8A39A /* Resources */ = {
			isa = PBXGroup;
			children = (
				AF0A5F2C2643D7C900E8A39A /* landmarkData.json */,
			);
			path = Resources;
			sourceTree = "<group>";
		};
		AF0A5F6426447E5200E8A39A /* LandMark */ = {
			isa = PBXGroup;
			children = (
				AF0A5F3C2643D8B800E8A39A /* LandMarkRowView.swift */,
				AF0A5F3F2643DAE200E8A39A /* LandMarkListView.swift */,
				AF0A5F422643DCA500E8A39A /* LandMarkDetailView.swift */,
			);
			path = LandMark;
			sourceTree = "<group>";
		};
		AF0A5F6526447E7E00E8A39A /* Helper */ = {
			isa = PBXGroup;
			children = (
				AF0A5F342643D7ED00E8A39A /* CircleImageView.swift */,
				AF0A5F362643D7ED00E8A39A /* MapContentView.swift */,
				AF0A5F6126447D3B00E8A39A /* FavoriteButtonView.swift */,
			);
			path = Helper;
			sourceTree = "<group>";
		};
/* End PBXGroup section */

/* Begin PBXNativeTarget section */
		AF0A5F152643D77F00E8A39A /* LandMark */ = {
			isa = PBXNativeTarget;
			buildConfigurationList = AF0A5F252643D78200E8A39A /* Build configuration list for PBXNativeTarget "LandMark" */;
			buildPhases = (
				AF0A5F122643D77F00E8A39A /* Sources */,
				AF0A5F132643D77F00E8A39A /* Frameworks */,
				AF0A5F142643D77F00E8A39A /* Resources */,
			);
			buildRules = (
			);
			dependencies = (
			);
			name = LandMark;
			productName = LandMark;
			productReference = AF0A5F162643D77F00E8A39A /* LandMark.app */;
			productType = "com.apple.product-type.application";
		};
/* End PBXNativeTarget section */

/* Begin PBXProject section */
		AF0A5F0E2643D77F00E8A39A /* Project object */ = {
			isa = PBXProject;
			attributes = {
				LastSwiftUpdateCheck = 1240;
				LastUpgradeCheck = 1240;
				TargetAttributes = {
					AF0A5F152643D77F00E8A39A = {
						CreatedOnToolsVersion = 12.4;
					};
				};
			};
			buildConfigurationList = AF0A5F112643D77F00E8A39A /* Build configuration list for PBXProject "LandMark" */;
			compatibilityVersion = "Xcode 9.3";
			developmentRegion = en;
			hasScannedForEncodings = 0;
			knownRegions = (
				en,
				Base,
			);
			mainGroup = AF0A5F0D2643D77F00E8A39A;
			productRefGroup = AF0A5F172643D77F00E8A39A /* Products */;
			projectDirPath = "";
			projectRoot = "";
			targets = (
				AF0A5F152643D77F00E8A39A /* LandMark */,
			);
		};
/* End PBXProject section */

/* Begin PBXResourcesBuildPhase section */
		AF0A5F142643D77F00E8A39A /* Resources */ = {
			isa = PBXResourcesBuildPhase;
			buildActionMask = 2147483647;
			files = (
				AF0A5F212643D78200E8A39A /* Preview Assets.xcassets in Resources */,
				AF0A5F1E2643D78200E8A39A /* Assets.xcassets in Resources */,
				AF0A5F2D2643D7C900E8A39A /* landmarkData.json in Resources */,
			);
			runOnlyForDeploymentPostprocessing = 0;
		};
/* End PBXResourcesBuildPhase section */

/* Begin PBXSourcesBuildPhase section */
		AF0A5F122643D77F00E8A39A /* Sources */ = {
			isa = PBXSourcesBuildPhase;
			buildActionMask = 2147483647;
			files = (
				AF0A5F432643DCA500E8A39A /* LandMarkDetailView.swift in Sources */,
				AF0A5F312643D7D800E8A39A /* LandMark.swift in Sources */,
				AF0A5F322643D7D800E8A39A /* ModelData.swift in Sources */,
				AF0A5F402643DAE200E8A39A /* LandMarkListView.swift in Sources */,
				AF0A5F3D2643D8B800E8A39A /* LandMarkRowView.swift in Sources */,
				AF0A5F382643D7ED00E8A39A /* ContentView.swift in Sources */,
				AF0A5F392643D7ED00E8A39A /* MapContentView.swift in Sources */,
				AF0A5F372643D7ED00E8A39A /* CircleImageView.swift in Sources */,
				AF0A5F6226447D3B00E8A39A /* FavoriteButtonView.swift in Sources */,
				AF0A5F1A2643D77F00E8A39A /* LandMarkApp.swift in Sources */,
			);
			runOnlyForDeploymentPostprocessing = 0;
		};
/* End PBXSourcesBuildPhase section */

/* Begin XCBuildConfiguration section */
		AF0A5F232643D78200E8A39A /* Debug */ = {
			isa = XCBuildConfiguration;
			buildSettings = {
				ALWAYS_SEARCH_USER_PATHS = NO;
				CLANG_ANALYZER_NONNULL = YES;
				CLANG_ANALYZER_NUMBER_OBJECT_CONVERSION = YES_AGGRESSIVE;
				CLANG_CXX_LANGUAGE_STANDARD = "gnu++14";
				CLANG_CXX_LIBRARY = "libc++";
				CLANG_ENABLE_MODULES = YES;
				CLANG_ENABLE_OBJC_ARC = YES;
				CLANG_ENABLE_OBJC_WEAK = YES;
				CLANG_WARN_BLOCK_CAPTURE_AUTORELEASING = YES;
				CLANG_WARN_BOOL_CONVERSION = YES;
				CLANG_WARN_COMMA = YES;
				CLANG_WARN_CONSTANT_CONVERSION = YES;
				CLANG_WARN_DEPRECATED_OBJC_IMPLEMENTATIONS = YES;
				CLANG_WARN_DIRECT_OBJC_ISA_USAGE = YES_ERROR;
				CLANG_WARN_DOCUMENTATION_COMMENTS = YES;
				CLANG_WARN_EMPTY_BODY = YES;
				CLANG_WARN_ENUM_CONVERSION = YES;
				CLANG_WARN_INFINITE_RECURSION = YES;
				CLANG_WARN_INT_CONVERSION = YES;
				CLANG_WARN_NON_LITERAL_NULL_CONVERSION = YES;
				CLANG_WARN_OBJC_IMPLICIT_RETAIN_SELF = YES;
				CLANG_WARN_OBJC_LITERAL_CONVERSION = YES;
				CLANG_WARN_OBJC_ROOT_CLASS = YES_ERROR;
				CLANG_WARN_QUOTED_INCLUDE_IN_FRAMEWORK_HEADER = YES;
				CLANG_WARN_RANGE_LOOP_ANALYSIS = YES;
				CLANG_WARN_STRICT_PROTOTYPES = YES;
				CLANG_WARN_SUSPICIOUS_MOVE = YES;
				CLANG_WARN_UNGUARDED_AVAILABILITY = YES_AGGRESSIVE;
				CLANG_WARN_UNREACHABLE_CODE = YES;
				CLANG_WARN__DUPLICATE_METHOD_MATCH = YES;
				COPY_PHASE_STRIP = NO;
				DEBUG_INFORMATION_FORMAT = dwarf;
				ENABLE_STRICT_OBJC_MSGSEND = YES;
				ENABLE_TESTABILITY = YES;
				GCC_C_LANGUAGE_STANDARD = gnu11;
				GCC_DYNAMIC_NO_PIC = NO;
				GCC_NO_COMMON_BLOCKS = YES;
				GCC_OPTIMIZATION_LEVEL = 0;
				GCC_PREPROCESSOR_DEFINITIONS = (
					"DEBUG=1",
					"$(inherited)",
				);
				GCC_WARN_64_TO_32_BIT_CONVERSION = YES;
				GCC_WARN_ABOUT_RETURN_TYPE = YES_ERROR;
				GCC_WARN_UNDECLARED_SELECTOR = YES;
				GCC_WARN_UNINITIALIZED_AUTOS = YES_AGGRESSIVE;
				GCC_WARN_UNUSED_FUNCTION = YES;
				GCC_WARN_UNUSED_VARIABLE = YES;
				IPHONEOS_DEPLOYMENT_TARGET = 14.4;
				MTL_ENABLE_DEBUG_INFO = INCLUDE_SOURCE;
				MTL_FAST_MATH = YES;
				ONLY_ACTIVE_ARCH = YES;
				SDKROOT = iphoneos;
				SWIFT_ACTIVE_COMPILATION_CONDITIONS = DEBUG;
				SWIFT_OPTIMIZATION_LEVEL = "-Onone";
			};
			name = Debug;
		};
		AF0A5F242643D78200E8A39A /* Release */ = {
			isa = XCBuildConfiguration;
			buildSettings = {
				ALWAYS_SEARCH_USER_PATHS = NO;
				CLANG_ANALYZER_NONNULL = YES;
				CLANG_ANALYZER_NUMBER_OBJECT_CONVERSION = YES_AGGRESSIVE;
				CLANG_CXX_LANGUAGE_STANDARD = "gnu++14";
				CLANG_CXX_LIBRARY = "libc++";
				CLANG_ENABLE_MODULES = YES;
				CLANG_ENABLE_OBJC_ARC = YES;
				CLANG_ENABLE_OBJC_WEAK = YES;
				CLANG_WARN_BLOCK_CAPTURE_AUTORELEASING = YES;
				CLANG_WARN_BOOL_CONVERSION = YES;
				CLANG_WARN_COMMA = YES;
				CLANG_WARN_CONSTANT_CONVERSION = YES;
				CLANG_WARN_DEPRECATED_OBJC_IMPLEMENTATIONS = YES;
				CLANG_WARN_DIRECT_OBJC_ISA_USAGE = YES_ERROR;
				CLANG_WARN_DOCUMENTATION_COMMENTS = YES;
				CLANG_WARN_EMPTY_BODY = YES;
				CLANG_WARN_ENUM_CONVERSION = YES;
				CLANG_WARN_INFINITE_RECURSION = YES;
				CLANG_WARN_INT_CONVERSION = YES;
				CLANG_WARN_NON_LITERAL_NULL_CONVERSION = YES;
				CLANG_WARN_OBJC_IMPLICIT_RETAIN_SELF = YES;
				CLANG_WARN_OBJC_LITERAL_CONVERSION = YES;
				CLANG_WARN_OBJC_ROOT_CLASS = YES_ERROR;
				CLANG_WARN_QUOTED_INCLUDE_IN_FRAMEWORK_HEADER = YES;
				CLANG_WARN_RANGE_LOOP_ANALYSIS = YES;
				CLANG_WARN_STRICT_PROTOTYPES = YES;
				CLANG_WARN_SUSPICIOUS_MOVE = YES;
				CLANG_WARN_UNGUARDED_AVAILABILITY = YES_AGGRESSIVE;
				CLANG_WARN_UNREACHABLE_CODE = YES;
				CLANG_WARN__DUPLICATE_METHOD_MATCH = YES;
				COPY_PHASE_STRIP = NO;
				DEBUG_INFORMATION_FORMAT = "dwarf-with-dsym";
				ENABLE_NS_ASSERTIONS = NO;
				ENABLE_STRICT_OBJC_MSGSEND = YES;
				GCC_C_LANGUAGE_STANDARD = gnu11;
				GCC_NO_COMMON_BLOCKS = YES;
				GCC_WARN_64_TO_32_BIT_CONVERSION = YES;
				GCC_WARN_ABOUT_RETURN_TYPE = YES_ERROR;
				GCC_WARN_UNDECLARED_SELECTOR = YES;
				GCC_WARN_UNINITIALIZED_AUTOS = YES_AGGRESSIVE;
				GCC_WARN_UNUSED_FUNCTION = YES;
				GCC_WARN_UNUSED_VARIABLE = YES;
				IPHONEOS_DEPLOYMENT_TARGET = 14.4;
				MTL_ENABLE_DEBUG_INFO = NO;
				MTL_FAST_MATH = YES;
				SDKROOT = iphoneos;
				SWIFT_COMPILATION_MODE = wholemodule;
				SWIFT_OPTIMIZATION_LEVEL = "-O";
				VALIDATE_PRODUCT = YES;
			};
			name = Release;
		};
		AF0A5F262643D78200E8A39A /* Debug */ = {
			isa = XCBuildConfiguration;
			buildSettings = {
				ASSETCATALOG_COMPILER_APPICON_NAME = AppIcon;
				ASSETCATALOG_COMPILER_GLOBAL_ACCENT_COLOR_NAME = AccentColor;
				CODE_SIGN_STYLE = Automatic;
				DEVELOPMENT_ASSET_PATHS = "\"LandMark/Preview Content\"";
				ENABLE_PREVIEWS = YES;
				INFOPLIST_FILE = LandMark/Info.plist;
				IPHONEOS_DEPLOYMENT_TARGET = 14.0;
				LD_RUNPATH_SEARCH_PATHS = (
					"$(inherited)",
					"@executable_path/Frameworks",
				);
				PRODUCT_BUNDLE_IDENTIFIER = com.master.LandMark;
				PRODUCT_NAME = "$(TARGET_NAME)";
				SWIFT_VERSION = 5.0;
				TARGETED_DEVICE_FAMILY = "1,2";
			};
			name = Debug;
		};
		AF0A5F272643D78200E8A39A /* Release */ = {
			isa = XCBuildConfiguration;
			buildSettings = {
				ASSETCATALOG_COMPILER_APPICON_NAME = AppIcon;
				ASSETCATALOG_COMPILER_GLOBAL_ACCENT_COLOR_NAME = AccentColor;
				CODE_SIGN_STYLE = Automatic;
				DEVELOPMENT_ASSET_PATHS = "\"LandMark/Preview Content\"";
				ENABLE_PREVIEWS = YES;
				INFOPLIST_FILE = LandMark/Info.plist;
				IPHONEOS_DEPLOYMENT_TARGET = 14.0;
				LD_RUNPATH_SEARCH_PATHS = (
					"$(inherited)",
					"@executable_path/Frameworks",
				);
				PRODUCT_BUNDLE_IDENTIFIER = com.master.LandMark;
				PRODUCT_NAME = "$(TARGET_NAME)";
				SWIFT_VERSION = 5.0;
				TARGETED_DEVICE_FAMILY = "1,2";
			};
			name = Release;
		};
/* End XCBuildConfiguration section */

/* Begin XCConfigurationList section */
		AF0A5F112643D77F00E8A39A /* Build configuration list for PBXProject "LandMark" */ = {
			isa = XCConfigurationList;
			buildConfigurations = (
				AF0A5F232643D78200E8A39A /* Debug */,
				AF0A5F242643D78200E8A39A /* Release */,
			);
			defaultConfigurationIsVisible = 0;
			defaultConfigurationName = Release;
		};
		AF0A5F252643D78200E8A39A /* Build configuration list for PBXNativeTarget "LandMark" */ = {
			isa = XCConfigurationList;
			buildConfigurations = (
				AF0A5F262643D78200E8A39A /* Debug */,
				AF0A5F272643D78200E8A39A /* Release */,
			);
			defaultConfigurationIsVisible = 0;
			defaultConfigurationName = Release;
		};
/* End XCConfigurationList section */
	};
	rootObject = AF0A5F0E2643D77F00E8A39A /* Project object */;
}
